// !$*UTF8*$!
{
	archiveVersion = 1;
	classes = {
	};
	objectVersion = 56;
	objects = {

/* Begin PBXBuildFile section */
		D3F8460029A73A580049BF3A /* AppDelegate.swift in Sources */ = {isa = PBXBuildFile; fileRef = D3F845FF29A73A580049BF3A /* AppDelegate.swift */; };
		D3F8460229A73A580049BF3A /* SceneDelegate.swift in Sources */ = {isa = PBXBuildFile; fileRef = D3F8460129A73A580049BF3A /* SceneDelegate.swift */; };
		D3F8460429A73A580049BF3A /* ContactsViewController.swift in Sources */ = {isa = PBXBuildFile; fileRef = D3F8460329A73A580049BF3A /* ContactsViewController.swift */; };
		D3F8460929A73A590049BF3A /* Assets.xcassets in Resources */ = {isa = PBXBuildFile; fileRef = D3F8460829A73A590049BF3A /* Assets.xcassets */; };
		D3F8460C29A73A590049BF3A /* LaunchScreen.storyboard in Resources */ = {isa = PBXBuildFile; fileRef = D3F8460A29A73A590049BF3A /* LaunchScreen.storyboard */; };
		D3F8461829A73B8D0049BF3A /* Contact.swift in Sources */ = {isa = PBXBuildFile; fileRef = D3F8461729A73B8D0049BF3A /* Contact.swift */; };
		D3F8461A29A73B970049BF3A /* ContactManager.swift in Sources */ = {isa = PBXBuildFile; fileRef = D3F8461929A73B970049BF3A /* ContactManager.swift */; };
		D3F8461C29A7506F0049BF3A /* ContactType.swift in Sources */ = {isa = PBXBuildFile; fileRef = D3F8461B29A7506F0049BF3A /* ContactType.swift */; };
		D3F8461F29A751170049BF3A /* ContactsTableViewCell.swift in Sources */ = {isa = PBXBuildFile; fileRef = D3F8461E29A751170049BF3A /* ContactsTableViewCell.swift */; };
		D3F8462129A751440049BF3A /* DetailedViewController.swift in Sources */ = {isa = PBXBuildFile; fileRef = D3F8462029A751440049BF3A /* DetailedViewController.swift */; };
		D3F8462329A752880049BF3A /* Extensions.swift in Sources */ = {isa = PBXBuildFile; fileRef = D3F8462229A752880049BF3A /* Extensions.swift */; };
/* End PBXBuildFile section */

/* Begin PBXFileReference section */
		D3F845FC29A73A580049BF3A /* Contacts App.app */ = {isa = PBXFileReference; explicitFileType = wrapper.application; includeInIndex = 0; path = "Contacts App.app"; sourceTree = BUILT_PRODUCTS_DIR; };
		D3F845FF29A73A580049BF3A /* AppDelegate.swift */ = {isa = PBXFileReference; lastKnownFileType = sourcecode.swift; path = AppDelegate.swift; sourceTree = "<group>"; };
		D3F8460129A73A580049BF3A /* SceneDelegate.swift */ = {isa = PBXFileReference; lastKnownFileType = sourcecode.swift; path = SceneDelegate.swift; sourceTree = "<group>"; };
		D3F8460329A73A580049BF3A /* ContactsViewController.swift */ = {isa = PBXFileReference; lastKnownFileType = sourcecode.swift; path = ContactsViewController.swift; sourceTree = "<group>"; };
		D3F8460829A73A590049BF3A /* Assets.xcassets */ = {isa = PBXFileReference; lastKnownFileType = folder.assetcatalog; path = Assets.xcassets; sourceTree = "<group>"; };
		D3F8460B29A73A590049BF3A /* Base */ = {isa = PBXFileReference; lastKnownFileType = file.storyboard; name = Base; path = Base.lproj/LaunchScreen.storyboard; sourceTree = "<group>"; };
		D3F8460D29A73A590049BF3A /* Info.plist */ = {isa = PBXFileReference; lastKnownFileType = text.plist.xml; path = Info.plist; sourceTree = "<group>"; };
		D3F8461729A73B8D0049BF3A /* Contact.swift */ = {isa = PBXFileReference; lastKnownFileType = sourcecode.swift; path = Contact.swift; sourceTree = "<group>"; };
		D3F8461929A73B970049BF3A /* ContactManager.swift */ = {isa = PBXFileReference; lastKnownFileType = sourcecode.swift; path = ContactManager.swift; sourceTree = "<group>"; };
		D3F8461B29A7506F0049BF3A /* ContactType.swift */ = {isa = PBXFileReference; lastKnownFileType = sourcecode.swift; path = ContactType.swift; sourceTree = "<group>"; };
		D3F8461E29A751170049BF3A /* ContactsTableViewCell.swift */ = {isa = PBXFileReference; lastKnownFileType = sourcecode.swift; path = ContactsTableViewCell.swift; sourceTree = "<group>"; };
		D3F8462029A751440049BF3A /* DetailedViewController.swift */ = {isa = PBXFileReference; lastKnownFileType = sourcecode.swift; path = DetailedViewController.swift; sourceTree = "<group>"; };
		D3F8462229A752880049BF3A /* Extensions.swift */ = {isa = PBXFileReference; lastKnownFileType = sourcecode.swift; path = Extensions.swift; sourceTree = "<group>"; };
/* End PBXFileReference section */

/* Begin PBXFrameworksBuildPhase section */
		D3F845F929A73A580049BF3A /* Frameworks */ = {
			isa = PBXFrameworksBuildPhase;
			buildActionMask = 2147483647;
			files = (
			);
			runOnlyForDeploymentPostprocessing = 0;
		};
/* End PBXFrameworksBuildPhase section */

/* Begin PBXGroup section */
		D3F845F329A73A580049BF3A = {
			isa = PBXGroup;
			children = (
				D3F845FE29A73A580049BF3A /* Contacts App */,
				D3F845FD29A73A580049BF3A /* Products */,
			);
			sourceTree = "<group>";
		};
		D3F845FD29A73A580049BF3A /* Products */ = {
			isa = PBXGroup;
			children = (
				D3F845FC29A73A580049BF3A /* Contacts App.app */,
			);
			name = Products;
			sourceTree = "<group>";
		};
		D3F845FE29A73A580049BF3A /* Contacts App */ = {
			isa = PBXGroup;
			children = (
				D3F8461D29A751080049BF3A /* Cells */,
				D3F8461629A73B310049BF3A /* Resources */,
				D3F8461529A73B2C0049BF3A /* Model */,
				D3F8461329A73B1B0049BF3A /* App */,
				D3F8461429A73B200049BF3A /* Controllers */,
				D3F8462429A752A80049BF3A /* Extensions */,
			);
			path = "Contacts App";
			sourceTree = "<group>";
		};
		D3F8461329A73B1B0049BF3A /* App */ = {
			isa = PBXGroup;
			children = (
				D3F845FF29A73A580049BF3A /* AppDelegate.swift */,
				D3F8460129A73A580049BF3A /* SceneDelegate.swift */,
				D3F8460A29A73A590049BF3A /* LaunchScreen.storyboard */,
				D3F8460D29A73A590049BF3A /* Info.plist */,
			);
			path = App;
			sourceTree = "<group>";
		};
		D3F8461429A73B200049BF3A /* Controllers */ = {
			isa = PBXGroup;
			children = (
				D3F8460329A73A580049BF3A /* ContactsViewController.swift */,
				D3F8462029A751440049BF3A /* DetailedViewController.swift */,
			);
			path = Controllers;
			sourceTree = "<group>";
		};
		D3F8461529A73B2C0049BF3A /* Model */ = {
			isa = PBXGroup;
			children = (
				D3F8461729A73B8D0049BF3A /* Contact.swift */,
				D3F8461B29A7506F0049BF3A /* ContactType.swift */,
				D3F8461929A73B970049BF3A /* ContactManager.swift */,
			);
			path = Model;
			sourceTree = "<group>";
		};
		D3F8461629A73B310049BF3A /* Resources */ = {
			isa = PBXGroup;
			children = (
				D3F8460829A73A590049BF3A /* Assets.xcassets */,
			);
			path = Resources;
			sourceTree = "<group>";
		};
		D3F8461D29A751080049BF3A /* Cells */ = {
			isa = PBXGroup;
			children = (
				D3F8461E29A751170049BF3A /* ContactsTableViewCell.swift */,
			);
			path = Cells;
			sourceTree = "<group>";
		};
		D3F8462429A752A80049BF3A /* Extensions */ = {
			isa = PBXGroup;
			children = (
				D3F8462229A752880049BF3A /* Extensions.swift */,
			);
			path = Extensions;
			sourceTree = "<group>";
		};
/* End PBXGroup section */

/* Begin PBXNativeTarget section */
		D3F845FB29A73A580049BF3A /* Contacts App */ = {
			isa = PBXNativeTarget;
			buildConfigurationList = D3F8461029A73A590049BF3A /* Build configuration list for PBXNativeTarget "Contacts App" */;
			buildPhases = (
				D3F845F829A73A580049BF3A /* Sources */,
				D3F845F929A73A580049BF3A /* Frameworks */,
				D3F845FA29A73A580049BF3A /* Resources */,
			);
			buildRules = (
			);
			dependencies = (
			);
			name = "Contacts App";
			productName = "Contacts App";
			productReference = D3F845FC29A73A580049BF3A /* Contacts App.app */;
			productType = "com.apple.product-type.application";
		};
/* End PBXNativeTarget section */

/* Begin PBXProject section */
		D3F845F429A73A580049BF3A /* Project object */ = {
			isa = PBXProject;
			attributes = {
				BuildIndependentTargetsInParallel = 1;
				LastSwiftUpdateCheck = 1420;
				LastUpgradeCheck = 1420;
				TargetAttributes = {
					D3F845FB29A73A580049BF3A = {
						CreatedOnToolsVersion = 14.2;
					};
				};
			};
			buildConfigurationList = D3F845F729A73A580049BF3A /* Build configuration list for PBXProject "Contacts App" */;
			compatibilityVersion = "Xcode 14.0";
			developmentRegion = en;
			hasScannedForEncodings = 0;
			knownRegions = (
				en,
				Base,
			);
			mainGroup = D3F845F329A73A580049BF3A;
			productRefGroup = D3F845FD29A73A580049BF3A /* Products */;
			projectDirPath = "";
			projectRoot = "";
			targets = (
				D3F845FB29A73A580049BF3A /* Contacts App */,
			);
		};
/* End PBXProject section */

/* Begin PBXResourcesBuildPhase section */
		D3F845FA29A73A580049BF3A /* Resources */ = {
			isa = PBXResourcesBuildPhase;
			buildActionMask = 2147483647;
			files = (
				D3F8460C29A73A590049BF3A /* LaunchScreen.storyboard in Resources */,
				D3F8460929A73A590049BF3A /* Assets.xcassets in Resources */,
			);
			runOnlyForDeploymentPostprocessing = 0;
		};
/* End PBXResourcesBuildPhase section */

/* Begin PBXSourcesBuildPhase section */
		D3F845F829A73A580049BF3A /* Sources */ = {
			isa = PBXSourcesBuildPhase;
			buildActionMask = 2147483647;
			files = (
				D3F8461F29A751170049BF3A /* ContactsTableViewCell.swift in Sources */,
				D3F8462329A752880049BF3A /* Extensions.swift in Sources */,
				D3F8461A29A73B970049BF3A /* ContactManager.swift in Sources */,
				D3F8462129A751440049BF3A /* DetailedViewController.swift in Sources */,
				D3F8461829A73B8D0049BF3A /* Contact.swift in Sources */,
				D3F8461C29A7506F0049BF3A /* ContactType.swift in Sources */,
				D3F8460429A73A580049BF3A /* ContactsViewController.swift in Sources */,
				D3F8460029A73A580049BF3A /* AppDelegate.swift in Sources */,
				D3F8460229A73A580049BF3A /* SceneDelegate.swift in Sources */,
			);
			runOnlyForDeploymentPostprocessing = 0;
		};
/* End PBXSourcesBuildPhase section */

/* Begin PBXVariantGroup section */
		D3F8460A29A73A590049BF3A /* LaunchScreen.storyboard */ = {
			isa = PBXVariantGroup;
			children = (
				D3F8460B29A73A590049BF3A /* Base */,
			);
			name = LaunchScreen.storyboard;
			sourceTree = "<group>";
		};
/* End PBXVariantGroup section */

/* Begin XCBuildConfiguration section */
		D3F8460E29A73A590049BF3A /* Debug */ = {
			isa = XCBuildConfiguration;
			buildSettings = {
				ALWAYS_SEARCH_USER_PATHS = NO;
				CLANG_ANALYZER_NONNULL = YES;
				CLANG_ANALYZER_NUMBER_OBJECT_CONVERSION = YES_AGGRESSIVE;
				CLANG_CXX_LANGUAGE_STANDARD = "gnu++20";
				CLANG_ENABLE_MODULES = YES;
				CLANG_ENABLE_OBJC_ARC = YES;
				CLANG_ENABLE_OBJC_WEAK = YES;
				CLANG_WARN_BLOCK_CAPTURE_AUTORELEASING = YES;
				CLANG_WARN_BOOL_CONVERSION = YES;
				CLANG_WARN_COMMA = YES;
				CLANG_WARN_CONSTANT_CONVERSION = YES;
				CLANG_WARN_DEPRECATED_OBJC_IMPLEMENTATIONS = YES;
				CLANG_WARN_DIRECT_OBJC_ISA_USAGE = YES_ERROR;
				CLANG_WARN_DOCUMENTATION_COMMENTS = YES;
				CLANG_WARN_EMPTY_BODY = YES;
				CLANG_WARN_ENUM_CONVERSION = YES;
				CLANG_WARN_INFINITE_RECURSION = YES;
				CLANG_WARN_INT_CONVERSION = YES;
				CLANG_WARN_NON_LITERAL_NULL_CONVERSION = YES;
				CLANG_WARN_OBJC_IMPLICIT_RETAIN_SELF = YES;
				CLANG_WARN_OBJC_LITERAL_CONVERSION = YES;
				CLANG_WARN_OBJC_ROOT_CLASS = YES_ERROR;
				CLANG_WARN_QUOTED_INCLUDE_IN_FRAMEWORK_HEADER = YES;
				CLANG_WARN_RANGE_LOOP_ANALYSIS = YES;
				CLANG_WARN_STRICT_PROTOTYPES = YES;
				CLANG_WARN_SUSPICIOUS_MOVE = YES;
				CLANG_WARN_UNGUARDED_AVAILABILITY = YES_AGGRESSIVE;
				CLANG_WARN_UNREACHABLE_CODE = YES;
				CLANG_WARN__DUPLICATE_METHOD_MATCH = YES;
				COPY_PHASE_STRIP = NO;
				DEBUG_INFORMATION_FORMAT = dwarf;
				ENABLE_STRICT_OBJC_MSGSEND = YES;
				ENABLE_TESTABILITY = YES;
				GCC_C_LANGUAGE_STANDARD = gnu11;
				GCC_DYNAMIC_NO_PIC = NO;
				GCC_NO_COMMON_BLOCKS = YES;
				GCC_OPTIMIZATION_LEVEL = 0;
				GCC_PREPROCESSOR_DEFINITIONS = (
					"DEBUG=1",
					"$(inherited)",
				);
				GCC_WARN_64_TO_32_BIT_CONVERSION = YES;
				GCC_WARN_ABOUT_RETURN_TYPE = YES_ERROR;
				GCC_WARN_UNDECLARED_SELECTOR = YES;
				GCC_WARN_UNINITIALIZED_AUTOS = YES_AGGRESSIVE;
				GCC_WARN_UNUSED_FUNCTION = YES;
				GCC_WARN_UNUSED_VARIABLE = YES;
				IPHONEOS_DEPLOYMENT_TARGET = 16.2;
				MTL_ENABLE_DEBUG_INFO = INCLUDE_SOURCE;
				MTL_FAST_MATH = YES;
				ONLY_ACTIVE_ARCH = YES;
				SDKROOT = iphoneos;
				SWIFT_ACTIVE_COMPILATION_CONDITIONS = DEBUG;
				SWIFT_OPTIMIZATION_LEVEL = "-Onone";
			};
			name = Debug;
		};
		D3F8460F29A73A590049BF3A /* Release */ = {
			isa = XCBuildConfiguration;
			buildSettings = {
				ALWAYS_SEARCH_USER_PATHS = NO;
				CLANG_ANALYZER_NONNULL = YES;
				CLANG_ANALYZER_NUMBER_OBJECT_CONVERSION = YES_AGGRESSIVE;
				CLANG_CXX_LANGUAGE_STANDARD = "gnu++20";
				CLANG_ENABLE_MODULES = YES;
				CLANG_ENABLE_OBJC_ARC = YES;
				CLANG_ENABLE_OBJC_WEAK = YES;
				CLANG_WARN_BLOCK_CAPTURE_AUTORELEASING = YES;
				CLANG_WARN_BOOL_CONVERSION = YES;
				CLANG_WARN_COMMA = YES;
				CLANG_WARN_CONSTANT_CONVERSION = YES;
				CLANG_WARN_DEPRECATED_OBJC_IMPLEMENTATIONS = YES;
				CLANG_WARN_DIRECT_OBJC_ISA_USAGE = YES_ERROR;
				CLANG_WARN_DOCUMENTATION_COMMENTS = YES;
				CLANG_WARN_EMPTY_BODY = YES;
				CLANG_WARN_ENUM_CONVERSION = YES;
				CLANG_WARN_INFINITE_RECURSION = YES;
				CLANG_WARN_INT_CONVERSION = YES;
				CLANG_WARN_NON_LITERAL_NULL_CONVERSION = YES;
				CLANG_WARN_OBJC_IMPLICIT_RETAIN_SELF = YES;
				CLANG_WARN_OBJC_LITERAL_CONVERSION = YES;
				CLANG_WARN_OBJC_ROOT_CLASS = YES_ERROR;
				CLANG_WARN_QUOTED_INCLUDE_IN_FRAMEWORK_HEADER = YES;
				CLANG_WARN_RANGE_LOOP_ANALYSIS = YES;
				CLANG_WARN_STRICT_PROTOTYPES = YES;
				CLANG_WARN_SUSPICIOUS_MOVE = YES;
				CLANG_WARN_UNGUARDED_AVAILABILITY = YES_AGGRESSIVE;
				CLANG_WARN_UNREACHABLE_CODE = YES;
				CLANG_WARN__DUPLICATE_METHOD_MATCH = YES;
				COPY_PHASE_STRIP = NO;
				DEBUG_INFORMATION_FORMAT = "dwarf-with-dsym";
				ENABLE_NS_ASSERTIONS = NO;
				ENABLE_STRICT_OBJC_MSGSEND = YES;
				GCC_C_LANGUAGE_STANDARD = gnu11;
				GCC_NO_COMMON_BLOCKS = YES;
				GCC_WARN_64_TO_32_BIT_CONVERSION = YES;
				GCC_WARN_ABOUT_RETURN_TYPE = YES_ERROR;
				GCC_WARN_UNDECLARED_SELECTOR = YES;
				GCC_WARN_UNINITIALIZED_AUTOS = YES_AGGRESSIVE;
				GCC_WARN_UNUSED_FUNCTION = YES;
				GCC_WARN_UNUSED_VARIABLE = YES;
				IPHONEOS_DEPLOYMENT_TARGET = 16.2;
				MTL_ENABLE_DEBUG_INFO = NO;
				MTL_FAST_MATH = YES;
				SDKROOT = iphoneos;
				SWIFT_COMPILATION_MODE = wholemodule;
				SWIFT_OPTIMIZATION_LEVEL = "-O";
				VALIDATE_PRODUCT = YES;
			};
			name = Release;
		};
		D3F8461129A73A590049BF3A /* Debug */ = {
			isa = XCBuildConfiguration;
			buildSettings = {
				ASSETCATALOG_COMPILER_APPICON_NAME = AppIcon;
				ASSETCATALOG_COMPILER_GLOBAL_ACCENT_COLOR_NAME = AccentColor;
				CODE_SIGN_STYLE = Automatic;
				CURRENT_PROJECT_VERSION = 1;
				DEVELOPMENT_TEAM = KJD8QY3L82;
				GENERATE_INFOPLIST_FILE = YES;
				INFOPLIST_FILE = "Contacts App/App/Info.plist";
				INFOPLIST_KEY_UIApplicationSupportsIndirectInputEvents = YES;
				INFOPLIST_KEY_UILaunchStoryboardName = LaunchScreen;
				INFOPLIST_KEY_UISupportedInterfaceOrientations_iPad = "UIInterfaceOrientationPortrait UIInterfaceOrientationPortraitUpsideDown UIInterfaceOrientationLandscapeLeft UIInterfaceOrientationLandscapeRight";
				INFOPLIST_KEY_UISupportedInterfaceOrientations_iPhone = "UIInterfaceOrientationPortrait UIInterfaceOrientationLandscapeLeft UIInterfaceOrientationLandscapeRight";
				LD_RUNPATH_SEARCH_PATHS = (
					"$(inherited)",
					"@executable_path/Frameworks",
				);
				MARKETING_VERSION = 1.0;
				PRODUCT_BUNDLE_IDENTIFIER = "com.Aureliodev229.Contacts-App";
				PRODUCT_NAME = "$(TARGET_NAME)";
				SWIFT_EMIT_LOC_STRINGS = YES;
				SWIFT_VERSION = 5.0;
				TARGETED_DEVICE_FAMILY = "1,2";
			};
			name = Debug;
		};
		D3F8461229A73A590049BF3A /* Release */ = {
			isa = XCBuildConfiguration;
			buildSettings = {
				ASSETCATALOG_COMPILER_APPICON_NAME = AppIcon;
				ASSETCATALOG_COMPILER_GLOBAL_ACCENT_COLOR_NAME = AccentColor;
				CODE_SIGN_STYLE = Automatic;
				CURRENT_PROJECT_VERSION = 1;
				DEVELOPMENT_TEAM = KJD8QY3L82;
				GENERATE_INFOPLIST_FILE = YES;
				INFOPLIST_FILE = "Contacts App/App/Info.plist";
				INFOPLIST_KEY_UIApplicationSupportsIndirectInputEvents = YES;
				INFOPLIST_KEY_UILaunchStoryboardName = LaunchScreen;
				INFOPLIST_KEY_UISupportedInterfaceOrientations_iPad = "UIInterfaceOrientationPortrait UIInterfaceOrientationPortraitUpsideDown UIInterfaceOrientationLandscapeLeft UIInterfaceOrientationLandscapeRight";
				INFOPLIST_KEY_UISupportedInterfaceOrientations_iPhone = "UIInterfaceOrientationPortrait UIInterfaceOrientationLandscapeLeft UIInterfaceOrientationLandscapeRight";
				LD_RUNPATH_SEARCH_PATHS = (
					"$(inherited)",
					"@executable_path/Frameworks",
				);
				MARKETING_VERSION = 1.0;
				PRODUCT_BUNDLE_IDENTIFIER = "com.Aureliodev229.Contacts-App";
				PRODUCT_NAME = "$(TARGET_NAME)";
				SWIFT_EMIT_LOC_STRINGS = YES;
				SWIFT_VERSION = 5.0;
				TARGETED_DEVICE_FAMILY = "1,2";
			};
			name = Release;
		};
/* End XCBuildConfiguration section */

/* Begin XCConfigurationList section */
		D3F845F729A73A580049BF3A /* Build configuration list for PBXProject "Contacts App" */ = {
			isa = XCConfigurationList;
			buildConfigurations = (
				D3F8460E29A73A590049BF3A /* Debug */,
				D3F8460F29A73A590049BF3A /* Release */,
			);
			defaultConfigurationIsVisible = 0;
			defaultConfigurationName = Release;
		};
		D3F8461029A73A590049BF3A /* Build configuration list for PBXNativeTarget "Contacts App" */ = {
			isa = XCConfigurationList;
			buildConfigurations = (
				D3F8461129A73A590049BF3A /* Debug */,
				D3F8461229A73A590049BF3A /* Release */,
			);
			defaultConfigurationIsVisible = 0;
			defaultConfigurationName = Release;
		};
/* End XCConfigurationList section */
	};
	rootObject = D3F845F429A73A580049BF3A /* Project object */;
}
